
Microsoft Visual Studio Solution File, Format Version 12.00
# Visual Studio Version 17
VisualStudioVersion = 17.4.33403.182
MinimumVisualStudioVersion = 10.0.40219.1
Project("{FAE04EC0-301F-11D3-BF4B-00C04F79EFBC}") = "Lab3class", "Lab3class.csproj", "{AEC74F59-AF91-43BA-B7FB-935DEA8B58CD}"
EndProject
Global
	GlobalSection(SolutionConfigurationPlatforms) = preSolution
		Debug|Any CPU = Debug|Any CPU
		Release|Any CPU = Release|Any CPU
	EndGlobalSection
	GlobalSection(ProjectConfigurationPlatforms) = postSolution
		{AEC74F59-AF91-43BA-B7FB-935DEA8B58CD}.Debug|Any CPU.ActiveCfg = Debug|Any CPU
		{AEC74F59-AF91-43BA-B7FB-935DEA8B58CD}.Debug|Any CPU.Build.0 = Debug|Any CPU
		{AEC74F59-AF91-43BA-B7FB-935DEA8B58CD}.Release|Any CPU.ActiveCfg = Release|Any CPU
		{AEC74F59-AF91-43BA-B7FB-935DEA8B58CD}.Release|Any CPU.Build.0 = Release|Any CPU
	EndGlobalSection
	GlobalSection(SolutionProperties) = preSolution
		HideSolutionNode = FALSE
	EndGlobalSection
	GlobalSection(ExtensibilityGlobals) = postSolution
		SolutionGuid = {EAFAA327-5187-4298-BDA6-A492D1B990A9}
	EndGlobalSection
EndGlobal
